// !$*UTF8*$!
{
	archiveVersion = 1;
	classes = {
	};
	objectVersion = 50;
	objects = {

/* Begin PBXBuildFile section */
		AE8967CF2260AAF600A2696C /* DoTableViewCell.swift in Sources */ = {isa = PBXBuildFile; fileRef = AE8967CE2260AAF600A2696C /* DoTableViewCell.swift */; };
		AE89682F2261C66F00A2696C /* finance-book.png in Resources */ = {isa = PBXBuildFile; fileRef = AE89682A2261C66E00A2696C /* finance-book.png */; };
		AE8968302261C66F00A2696C /* drops.png in Resources */ = {isa = PBXBuildFile; fileRef = AE89682B2261C66E00A2696C /* drops.png */; };
		AE8968312261C66F00A2696C /* sunny.png in Resources */ = {isa = PBXBuildFile; fileRef = AE89682C2261C66E00A2696C /* sunny.png */; };
		AE8968322261C66F00A2696C /* cloudy.png in Resources */ = {isa = PBXBuildFile; fileRef = AE89682D2261C66E00A2696C /* cloudy.png */; };
		AE8968332261C66F00A2696C /* list.png in Resources */ = {isa = PBXBuildFile; fileRef = AE89682E2261C66E00A2696C /* list.png */; };
		AE98A6D4225E0EB800F3F792 /* DoTableViewController.swift in Sources */ = {isa = PBXBuildFile; fileRef = AE98A6D3225E0EB800F3F792 /* DoTableViewController.swift */; };
		AE98A6D6225E105B00F3F792 /* MoneyViewController.swift in Sources */ = {isa = PBXBuildFile; fileRef = AE98A6D5225E105B00F3F792 /* MoneyViewController.swift */; };
		AE98A6D8225E106B00F3F792 /* DoViewController.swift in Sources */ = {isa = PBXBuildFile; fileRef = AE98A6D7225E106B00F3F792 /* DoViewController.swift */; };
		AE98A6FE22604E9D00F3F792 /* MoneyTableViewController.swift in Sources */ = {isa = PBXBuildFile; fileRef = AE98A6FD22604E9D00F3F792 /* MoneyTableViewController.swift */; };
		AE98A7002260521F00F3F792 /* MoneyTableViewCell.swift in Sources */ = {isa = PBXBuildFile; fileRef = AE98A6FF2260521F00F3F792 /* MoneyTableViewCell.swift */; };
		AEFB0F08225B4AC800A3D49B /* AppDelegate.swift in Sources */ = {isa = PBXBuildFile; fileRef = AEFB0F07225B4AC800A3D49B /* AppDelegate.swift */; };
		AEFB0F0A225B4AC800A3D49B /* ViewController.swift in Sources */ = {isa = PBXBuildFile; fileRef = AEFB0F09225B4AC800A3D49B /* ViewController.swift */; };
		AEFB0F0D225B4AC800A3D49B /* Main.storyboard in Resources */ = {isa = PBXBuildFile; fileRef = AEFB0F0B225B4AC800A3D49B /* Main.storyboard */; };
		AEFB0F0F225B4AC900A3D49B /* Assets.xcassets in Resources */ = {isa = PBXBuildFile; fileRef = AEFB0F0E225B4AC900A3D49B /* Assets.xcassets */; };
		AEFB0F12225B4AC900A3D49B /* LaunchScreen.storyboard in Resources */ = {isa = PBXBuildFile; fileRef = AEFB0F10225B4AC900A3D49B /* LaunchScreen.storyboard */; };
/* End PBXBuildFile section */

/* Begin PBXFileReference section */
		AE8967CE2260AAF600A2696C /* DoTableViewCell.swift */ = {isa = PBXFileReference; lastKnownFileType = sourcecode.swift; path = DoTableViewCell.swift; sourceTree = "<group>"; };
		AE89682A2261C66E00A2696C /* finance-book.png */ = {isa = PBXFileReference; lastKnownFileType = image.png; path = "finance-book.png"; sourceTree = "<group>"; };
		AE89682B2261C66E00A2696C /* drops.png */ = {isa = PBXFileReference; lastKnownFileType = image.png; path = drops.png; sourceTree = "<group>"; };
		AE89682C2261C66E00A2696C /* sunny.png */ = {isa = PBXFileReference; lastKnownFileType = image.png; path = sunny.png; sourceTree = "<group>"; };
		AE89682D2261C66E00A2696C /* cloudy.png */ = {isa = PBXFileReference; lastKnownFileType = image.png; path = cloudy.png; sourceTree = "<group>"; };
		AE89682E2261C66E00A2696C /* list.png */ = {isa = PBXFileReference; lastKnownFileType = image.png; path = list.png; sourceTree = "<group>"; };
		AE98A6D3225E0EB800F3F792 /* DoTableViewController.swift */ = {isa = PBXFileReference; lastKnownFileType = sourcecode.swift; path = DoTableViewController.swift; sourceTree = "<group>"; };
		AE98A6D5225E105B00F3F792 /* MoneyViewController.swift */ = {isa = PBXFileReference; lastKnownFileType = sourcecode.swift; path = MoneyViewController.swift; sourceTree = "<group>"; };
		AE98A6D7225E106B00F3F792 /* DoViewController.swift */ = {isa = PBXFileReference; lastKnownFileType = sourcecode.swift; path = DoViewController.swift; sourceTree = "<group>"; };
		AE98A6FD22604E9D00F3F792 /* MoneyTableViewController.swift */ = {isa = PBXFileReference; lastKnownFileType = sourcecode.swift; path = MoneyTableViewController.swift; sourceTree = "<group>"; };
		AE98A6FF2260521F00F3F792 /* MoneyTableViewCell.swift */ = {isa = PBXFileReference; lastKnownFileType = sourcecode.swift; path = MoneyTableViewCell.swift; sourceTree = "<group>"; };
		AEFB0F04225B4AC800A3D49B /* appproject.app */ = {isa = PBXFileReference; explicitFileType = wrapper.application; includeInIndex = 0; path = appproject.app; sourceTree = BUILT_PRODUCTS_DIR; };
		AEFB0F07225B4AC800A3D49B /* AppDelegate.swift */ = {isa = PBXFileReference; lastKnownFileType = sourcecode.swift; path = AppDelegate.swift; sourceTree = "<group>"; };
		AEFB0F09225B4AC800A3D49B /* ViewController.swift */ = {isa = PBXFileReference; lastKnownFileType = sourcecode.swift; path = ViewController.swift; sourceTree = "<group>"; };
		AEFB0F0C225B4AC800A3D49B /* Base */ = {isa = PBXFileReference; lastKnownFileType = file.storyboard; name = Base; path = Base.lproj/Main.storyboard; sourceTree = "<group>"; };
		AEFB0F0E225B4AC900A3D49B /* Assets.xcassets */ = {isa = PBXFileReference; lastKnownFileType = folder.assetcatalog; path = Assets.xcassets; sourceTree = "<group>"; };
		AEFB0F11225B4AC900A3D49B /* Base */ = {isa = PBXFileReference; lastKnownFileType = file.storyboard; name = Base; path = Base.lproj/LaunchScreen.storyboard; sourceTree = "<group>"; };
		AEFB0F13225B4AC900A3D49B /* Info.plist */ = {isa = PBXFileReference; lastKnownFileType = text.plist.xml; path = Info.plist; sourceTree = "<group>"; };
/* End PBXFileReference section */

/* Begin PBXFrameworksBuildPhase section */
		AEFB0F01225B4AC800A3D49B /* Frameworks */ = {
			isa = PBXFrameworksBuildPhase;
			buildActionMask = 2147483647;
			files = (
			);
			runOnlyForDeploymentPostprocessing = 0;
		};
/* End PBXFrameworksBuildPhase section */

/* Begin PBXGroup section */
		AEFB0EFB225B4AC800A3D49B = {
			isa = PBXGroup;
			children = (
				AEFB0F06225B4AC800A3D49B /* appproject */,
				AEFB0F05225B4AC800A3D49B /* Products */,
			);
			sourceTree = "<group>";
		};
		AEFB0F05225B4AC800A3D49B /* Products */ = {
			isa = PBXGroup;
			children = (
				AEFB0F04225B4AC800A3D49B /* appproject.app */,
			);
			name = Products;
			sourceTree = "<group>";
		};
		AEFB0F06225B4AC800A3D49B /* appproject */ = {
			isa = PBXGroup;
			children = (
				AE89682D2261C66E00A2696C /* cloudy.png */,
				AE89682B2261C66E00A2696C /* drops.png */,
				AE89682A2261C66E00A2696C /* finance-book.png */,
				AE89682E2261C66E00A2696C /* list.png */,
				AE89682C2261C66E00A2696C /* sunny.png */,
				AE98A6D3225E0EB800F3F792 /* DoTableViewController.swift */,
				AEFB0F07225B4AC800A3D49B /* AppDelegate.swift */,
				AEFB0F09225B4AC800A3D49B /* ViewController.swift */,
				AEFB0F0B225B4AC800A3D49B /* Main.storyboard */,
				AEFB0F0E225B4AC900A3D49B /* Assets.xcassets */,
				AEFB0F10225B4AC900A3D49B /* LaunchScreen.storyboard */,
				AEFB0F13225B4AC900A3D49B /* Info.plist */,
				AE98A6D5225E105B00F3F792 /* MoneyViewController.swift */,
				AE98A6D7225E106B00F3F792 /* DoViewController.swift */,
				AE98A6FD22604E9D00F3F792 /* MoneyTableViewController.swift */,
				AE98A6FF2260521F00F3F792 /* MoneyTableViewCell.swift */,
				AE8967CE2260AAF600A2696C /* DoTableViewCell.swift */,
			);
			path = appproject;
			sourceTree = "<group>";
		};
/* End PBXGroup section */

/* Begin PBXNativeTarget section */
		AEFB0F03225B4AC800A3D49B /* appproject */ = {
			isa = PBXNativeTarget;
			buildConfigurationList = AEFB0F16225B4AC900A3D49B /* Build configuration list for PBXNativeTarget "appproject" */;
			buildPhases = (
				AEFB0F00225B4AC800A3D49B /* Sources */,
				AEFB0F01225B4AC800A3D49B /* Frameworks */,
				AEFB0F02225B4AC800A3D49B /* Resources */,
			);
			buildRules = (
			);
			dependencies = (
			);
			name = appproject;
			productName = appproject;
			productReference = AEFB0F04225B4AC800A3D49B /* appproject.app */;
			productType = "com.apple.product-type.application";
		};
/* End PBXNativeTarget section */

/* Begin PBXProject section */
		AEFB0EFC225B4AC800A3D49B /* Project object */ = {
			isa = PBXProject;
			attributes = {
				LastSwiftUpdateCheck = 1010;
				LastUpgradeCheck = 1010;
				ORGANIZATIONNAME = "이유진";
				TargetAttributes = {
					AEFB0F03225B4AC800A3D49B = {
						CreatedOnToolsVersion = 10.1;
					};
				};
			};
			buildConfigurationList = AEFB0EFF225B4AC800A3D49B /* Build configuration list for PBXProject "appproject" */;
			compatibilityVersion = "Xcode 9.3";
			developmentRegion = en;
			hasScannedForEncodings = 0;
			knownRegions = (
				en,
				Base,
			);
			mainGroup = AEFB0EFB225B4AC800A3D49B;
			productRefGroup = AEFB0F05225B4AC800A3D49B /* Products */;
			projectDirPath = "";
			projectRoot = "";
			targets = (
				AEFB0F03225B4AC800A3D49B /* appproject */,
			);
		};
/* End PBXProject section */

/* Begin PBXResourcesBuildPhase section */
		AEFB0F02225B4AC800A3D49B /* Resources */ = {
			isa = PBXResourcesBuildPhase;
			buildActionMask = 2147483647;
			files = (
				AE8968322261C66F00A2696C /* cloudy.png in Resources */,
				AEFB0F12225B4AC900A3D49B /* LaunchScreen.storyboard in Resources */,
				AE8968312261C66F00A2696C /* sunny.png in Resources */,
				AEFB0F0F225B4AC900A3D49B /* Assets.xcassets in Resources */,
				AE8968302261C66F00A2696C /* drops.png in Resources */,
				AEFB0F0D225B4AC800A3D49B /* Main.storyboard in Resources */,
				AE89682F2261C66F00A2696C /* finance-book.png in Resources */,
				AE8968332261C66F00A2696C /* list.png in Resources */,
			);
			runOnlyForDeploymentPostprocessing = 0;
		};
/* End PBXResourcesBuildPhase section */

/* Begin PBXSourcesBuildPhase section */
		AEFB0F00225B4AC800A3D49B /* Sources */ = {
			isa = PBXSourcesBuildPhase;
			buildActionMask = 2147483647;
			files = (
				AE98A6FE22604E9D00F3F792 /* MoneyTableViewController.swift in Sources */,
				AE98A6D4225E0EB800F3F792 /* DoTableViewController.swift in Sources */,
				AEFB0F0A225B4AC800A3D49B /* ViewController.swift in Sources */,
				AE98A7002260521F00F3F792 /* MoneyTableViewCell.swift in Sources */,
				AE98A6D6225E105B00F3F792 /* MoneyViewController.swift in Sources */,
				AEFB0F08225B4AC800A3D49B /* AppDelegate.swift in Sources */,
				AE8967CF2260AAF600A2696C /* DoTableViewCell.swift in Sources */,
				AE98A6D8225E106B00F3F792 /* DoViewController.swift in Sources */,
			);
			runOnlyForDeploymentPostprocessing = 0;
		};
/* End PBXSourcesBuildPhase section */

/* Begin PBXVariantGroup section */
		AEFB0F0B225B4AC800A3D49B /* Main.storyboard */ = {
			isa = PBXVariantGroup;
			children = (
				AEFB0F0C225B4AC800A3D49B /* Base */,
			);
			name = Main.storyboard;
			sourceTree = "<group>";
		};
		AEFB0F10225B4AC900A3D49B /* LaunchScreen.storyboard */ = {
			isa = PBXVariantGroup;
			children = (
				AEFB0F11225B4AC900A3D49B /* Base */,
			);
			name = LaunchScreen.storyboard;
			sourceTree = "<group>";
		};
/* End PBXVariantGroup section */

/* Begin XCBuildConfiguration section */
		AEFB0F14225B4AC900A3D49B /* Debug */ = {
			isa = XCBuildConfiguration;
			buildSettings = {
				ALWAYS_SEARCH_USER_PATHS = NO;
				CLANG_ANALYZER_NONNULL = YES;
				CLANG_ANALYZER_NUMBER_OBJECT_CONVERSION = YES_AGGRESSIVE;
				CLANG_CXX_LANGUAGE_STANDARD = "gnu++14";
				CLANG_CXX_LIBRARY = "libc++";
				CLANG_ENABLE_MODULES = YES;
				CLANG_ENABLE_OBJC_ARC = YES;
				CLANG_ENABLE_OBJC_WEAK = YES;
				CLANG_WARN_BLOCK_CAPTURE_AUTORELEASING = YES;
				CLANG_WARN_BOOL_CONVERSION = YES;
				CLANG_WARN_COMMA = YES;
				CLANG_WARN_CONSTANT_CONVERSION = YES;
				CLANG_WARN_DEPRECATED_OBJC_IMPLEMENTATIONS = YES;
				CLANG_WARN_DIRECT_OBJC_ISA_USAGE = YES_ERROR;
				CLANG_WARN_DOCUMENTATION_COMMENTS = YES;
				CLANG_WARN_EMPTY_BODY = YES;
				CLANG_WARN_ENUM_CONVERSION = YES;
				CLANG_WARN_INFINITE_RECURSION = YES;
				CLANG_WARN_INT_CONVERSION = YES;
				CLANG_WARN_NON_LITERAL_NULL_CONVERSION = YES;
				CLANG_WARN_OBJC_IMPLICIT_RETAIN_SELF = YES;
				CLANG_WARN_OBJC_LITERAL_CONVERSION = YES;
				CLANG_WARN_OBJC_ROOT_CLASS = YES_ERROR;
				CLANG_WARN_RANGE_LOOP_ANALYSIS = YES;
				CLANG_WARN_STRICT_PROTOTYPES = YES;
				CLANG_WARN_SUSPICIOUS_MOVE = YES;
				CLANG_WARN_UNGUARDED_AVAILABILITY = YES_AGGRESSIVE;
				CLANG_WARN_UNREACHABLE_CODE = YES;
				CLANG_WARN__DUPLICATE_METHOD_MATCH = YES;
				CODE_SIGN_IDENTITY = "iPhone Developer";
				COPY_PHASE_STRIP = NO;
				DEBUG_INFORMATION_FORMAT = dwarf;
				ENABLE_STRICT_OBJC_MSGSEND = YES;
				ENABLE_TESTABILITY = YES;
				GCC_C_LANGUAGE_STANDARD = gnu11;
				GCC_DYNAMIC_NO_PIC = NO;
				GCC_NO_COMMON_BLOCKS = YES;
				GCC_OPTIMIZATION_LEVEL = 0;
				GCC_PREPROCESSOR_DEFINITIONS = (
					"DEBUG=1",
					"$(inherited)",
				);
				GCC_WARN_64_TO_32_BIT_CONVERSION = YES;
				GCC_WARN_ABOUT_RETURN_TYPE = YES_ERROR;
				GCC_WARN_UNDECLARED_SELECTOR = YES;
				GCC_WARN_UNINITIALIZED_AUTOS = YES_AGGRESSIVE;
				GCC_WARN_UNUSED_FUNCTION = YES;
				GCC_WARN_UNUSED_VARIABLE = YES;
				IPHONEOS_DEPLOYMENT_TARGET = 12.1;
				MTL_ENABLE_DEBUG_INFO = INCLUDE_SOURCE;
				MTL_FAST_MATH = YES;
				ONLY_ACTIVE_ARCH = YES;
				SDKROOT = iphoneos;
				SWIFT_ACTIVE_COMPILATION_CONDITIONS = DEBUG;
				SWIFT_OPTIMIZATION_LEVEL = "-Onone";
			};
			name = Debug;
		};
		AEFB0F15225B4AC900A3D49B /* Release */ = {
			isa = XCBuildConfiguration;
			buildSettings = {
				ALWAYS_SEARCH_USER_PATHS = NO;
				CLANG_ANALYZER_NONNULL = YES;
				CLANG_ANALYZER_NUMBER_OBJECT_CONVERSION = YES_AGGRESSIVE;
				CLANG_CXX_LANGUAGE_STANDARD = "gnu++14";
				CLANG_CXX_LIBRARY = "libc++";
				CLANG_ENABLE_MODULES = YES;
				CLANG_ENABLE_OBJC_ARC = YES;
				CLANG_ENABLE_OBJC_WEAK = YES;
				CLANG_WARN_BLOCK_CAPTURE_AUTORELEASING = YES;
				CLANG_WARN_BOOL_CONVERSION = YES;
				CLANG_WARN_COMMA = YES;
				CLANG_WARN_CONSTANT_CONVERSION = YES;
				CLANG_WARN_DEPRECATED_OBJC_IMPLEMENTATIONS = YES;
				CLANG_WARN_DIRECT_OBJC_ISA_USAGE = YES_ERROR;
				CLANG_WARN_DOCUMENTATION_COMMENTS = YES;
				CLANG_WARN_EMPTY_BODY = YES;
				CLANG_WARN_ENUM_CONVERSION = YES;
				CLANG_WARN_INFINITE_RECURSION = YES;
				CLANG_WARN_INT_CONVERSION = YES;
				CLANG_WARN_NON_LITERAL_NULL_CONVERSION = YES;
				CLANG_WARN_OBJC_IMPLICIT_RETAIN_SELF = YES;
				CLANG_WARN_OBJC_LITERAL_CONVERSION = YES;
				CLANG_WARN_OBJC_ROOT_CLASS = YES_ERROR;
				CLANG_WARN_RANGE_LOOP_ANALYSIS = YES;
				CLANG_WARN_STRICT_PROTOTYPES = YES;
				CLANG_WARN_SUSPICIOUS_MOVE = YES;
				CLANG_WARN_UNGUARDED_AVAILABILITY = YES_AGGRESSIVE;
				CLANG_WARN_UNREACHABLE_CODE = YES;
				CLANG_WARN__DUPLICATE_METHOD_MATCH = YES;
				CODE_SIGN_IDENTITY = "iPhone Developer";
				COPY_PHASE_STRIP = NO;
				DEBUG_INFORMATION_FORMAT = "dwarf-with-dsym";
				ENABLE_NS_ASSERTIONS = NO;
				ENABLE_STRICT_OBJC_MSGSEND = YES;
				GCC_C_LANGUAGE_STANDARD = gnu11;
				GCC_NO_COMMON_BLOCKS = YES;
				GCC_WARN_64_TO_32_BIT_CONVERSION = YES;
				GCC_WARN_ABOUT_RETURN_TYPE = YES_ERROR;
				GCC_WARN_UNDECLARED_SELECTOR = YES;
				GCC_WARN_UNINITIALIZED_AUTOS = YES_AGGRESSIVE;
				GCC_WARN_UNUSED_FUNCTION = YES;
				GCC_WARN_UNUSED_VARIABLE = YES;
				IPHONEOS_DEPLOYMENT_TARGET = 12.1;
				MTL_ENABLE_DEBUG_INFO = NO;
				MTL_FAST_MATH = YES;
				SDKROOT = iphoneos;
				SWIFT_COMPILATION_MODE = wholemodule;
				SWIFT_OPTIMIZATION_LEVEL = "-O";
				VALIDATE_PRODUCT = YES;
			};
			name = Release;
		};
		AEFB0F17225B4AC900A3D49B /* Debug */ = {
			isa = XCBuildConfiguration;
			buildSettings = {
				ASSETCATALOG_COMPILER_APPICON_NAME = AppIcon;
				CODE_SIGN_STYLE = Automatic;
				INFOPLIST_FILE = appproject/Info.plist;
				LD_RUNPATH_SEARCH_PATHS = (
					"$(inherited)",
					"@executable_path/Frameworks",
				);
				PRODUCT_BUNDLE_IDENTIFIER = com.ebadaq.appproject;
				PRODUCT_NAME = "$(TARGET_NAME)";
				SWIFT_VERSION = 4.2;
				TARGETED_DEVICE_FAMILY = "1,2";
			};
			name = Debug;
		};
		AEFB0F18225B4AC900A3D49B /* Release */ = {
			isa = XCBuildConfiguration;
			buildSettings = {
				ASSETCATALOG_COMPILER_APPICON_NAME = AppIcon;
				CODE_SIGN_STYLE = Automatic;
				INFOPLIST_FILE = appproject/Info.plist;
				LD_RUNPATH_SEARCH_PATHS = (
					"$(inherited)",
					"@executable_path/Frameworks",
				);
				PRODUCT_BUNDLE_IDENTIFIER = com.ebadaq.appproject;
				PRODUCT_NAME = "$(TARGET_NAME)";
				SWIFT_VERSION = 4.2;
				TARGETED_DEVICE_FAMILY = "1,2";
			};
			name = Release;
		};
/* End XCBuildConfiguration section */

/* Begin XCConfigurationList section */
		AEFB0EFF225B4AC800A3D49B /* Build configuration list for PBXProject "appproject" */ = {
			isa = XCConfigurationList;
			buildConfigurations = (
				AEFB0F14225B4AC900A3D49B /* Debug */,
				AEFB0F15225B4AC900A3D49B /* Release */,
			);
			defaultConfigurationIsVisible = 0;
			defaultConfigurationName = Release;
		};
		AEFB0F16225B4AC900A3D49B /* Build configuration list for PBXNativeTarget "appproject" */ = {
			isa = XCConfigurationList;
			buildConfigurations = (
				AEFB0F17225B4AC900A3D49B /* Debug */,
				AEFB0F18225B4AC900A3D49B /* Release */,
			);
			defaultConfigurationIsVisible = 0;
			defaultConfigurationName = Release;
		};
/* End XCConfigurationList section */
	};
	rootObject = AEFB0EFC225B4AC800A3D49B /* Project object */;
}
